
Microsoft Visual Studio Solution File, Format Version 12.00
# Visual Studio Version 17
VisualStudioVersion = 17.0.31919.166
MinimumVisualStudioVersion = 10.0.40219.1
Project("{FAE04EC0-301F-11D3-BF4B-00C04F79EFBC}") = "ATMConsole", "ATMConsole\ATMConsole.csproj", "{8802BF99-2DC8-40E4-810E-B9A5BF19BA56}"
EndProject
Global
	GlobalSection(SolutionConfigurationPlatforms) = preSolution
		Debug|Any CPU = Debug|Any CPU
		Release|Any CPU = Release|Any CPU
	EndGlobalSection
	GlobalSection(ProjectConfigurationPlatforms) = postSolution
		{8802BF99-2DC8-40E4-810E-B9A5BF19BA56}.Debug|Any CPU.ActiveCfg = Debug|Any CPU
		{8802BF99-2DC8-40E4-810E-B9A5BF19BA56}.Debug|Any CPU.Build.0 = Debug|Any CPU
		{8802BF99-2DC8-40E4-810E-B9A5BF19BA56}.Release|Any CPU.ActiveCfg = Release|Any CPU
		{8802BF99-2DC8-40E4-810E-B9A5BF19BA56}.Release|Any CPU.Build.0 = Release|Any CPU
	EndGlobalSection
	GlobalSection(SolutionProperties) = preSolution
		HideSolutionNode = FALSE
	EndGlobalSection
	GlobalSection(ExtensibilityGlobals) = postSolution
		SolutionGuid = {DE181562-81BD-4FBB-BD4D-AA0E23068146}
	EndGlobalSection
EndGlobal
